
Microsoft Visual Studio Solution File, Format Version 12.00
# Visual Studio Version 17
VisualStudioVersion = 17.9.34723.18
MinimumVisualStudioVersion = 10.0.40219.1
Project("{8BC9CEB8-8B4A-11D0-8D11-00A0C91BC942}") = "baseball-3", "baseball-3\baseball-3.vcxproj", "{99265D3C-CC6D-4F8D-9484-D347B673623D}"
EndProject
Project("{8BC9CEB8-8B4A-11D0-8D11-00A0C91BC942}") = "baseball_test", "baseball_test\baseball_test.vcxproj", "{9B1FD4CD-7E4E-447D-903E-32D1C1836CD8}"
EndProject
Project("{2150E333-8FDC-42A3-9474-1A3956D46DE8}") = "솔루션 항목", "솔루션 항목", "{F8FEC449-3478-4167-A425-3EE9E6D6682B}"
	ProjectSection(SolutionItems) = preProject
		.gitignore = .gitignore
	EndProjectSection
EndProject
Global
	GlobalSection(SolutionConfigurationPlatforms) = preSolution
		Debug|x64 = Debug|x64
		Debug|x86 = Debug|x86
		Release|x64 = Release|x64
		Release|x86 = Release|x86
	EndGlobalSection
	GlobalSection(ProjectConfigurationPlatforms) = postSolution
		{99265D3C-CC6D-4F8D-9484-D347B673623D}.Debug|x64.ActiveCfg = Debug|x64
		{99265D3C-CC6D-4F8D-9484-D347B673623D}.Debug|x64.Build.0 = Debug|x64
		{99265D3C-CC6D-4F8D-9484-D347B673623D}.Debug|x86.ActiveCfg = Debug|Win32
		{99265D3C-CC6D-4F8D-9484-D347B673623D}.Debug|x86.Build.0 = Debug|Win32
		{99265D3C-CC6D-4F8D-9484-D347B673623D}.Release|x64.ActiveCfg = Release|x64
		{99265D3C-CC6D-4F8D-9484-D347B673623D}.Release|x64.Build.0 = Release|x64
		{99265D3C-CC6D-4F8D-9484-D347B673623D}.Release|x86.ActiveCfg = Release|Win32
		{99265D3C-CC6D-4F8D-9484-D347B673623D}.Release|x86.Build.0 = Release|Win32
		{9B1FD4CD-7E4E-447D-903E-32D1C1836CD8}.Debug|x64.ActiveCfg = Debug|x64
		{9B1FD4CD-7E4E-447D-903E-32D1C1836CD8}.Debug|x64.Build.0 = Debug|x64
		{9B1FD4CD-7E4E-447D-903E-32D1C1836CD8}.Debug|x86.ActiveCfg = Debug|Win32
		{9B1FD4CD-7E4E-447D-903E-32D1C1836CD8}.Debug|x86.Build.0 = Debug|Win32
		{9B1FD4CD-7E4E-447D-903E-32D1C1836CD8}.Release|x64.ActiveCfg = Release|x64
		{9B1FD4CD-7E4E-447D-903E-32D1C1836CD8}.Release|x64.Build.0 = Release|x64
		{9B1FD4CD-7E4E-447D-903E-32D1C1836CD8}.Release|x86.ActiveCfg = Release|Win32
		{9B1FD4CD-7E4E-447D-903E-32D1C1836CD8}.Release|x86.Build.0 = Release|Win32
	EndGlobalSection
	GlobalSection(SolutionProperties) = preSolution
		HideSolutionNode = FALSE
	EndGlobalSection
	GlobalSection(ExtensibilityGlobals) = postSolution
		SolutionGuid = {275BCBB8-023E-41A5-B9E9-A58E19B7CC24}
	EndGlobalSection
EndGlobal
